
Microsoft Visual Studio Solution File, Format Version 12.00
# Visual Studio Version 17
VisualStudioVersion = 17.5.33530.505
MinimumVisualStudioVersion = 10.0.40219.1
Project("{FAE04EC0-301F-11D3-BF4B-00C04F79EFBC}") = "AssessmentUser", "AssessmentUser.csproj", "{3E8404A3-44AA-488E-8BDC-20DDB42EB22B}"
EndProject
Global
	GlobalSection(SolutionConfigurationPlatforms) = preSolution
		Debug|Any CPU = Debug|Any CPU
		Release|Any CPU = Release|Any CPU
	EndGlobalSection
	GlobalSection(ProjectConfigurationPlatforms) = postSolution
		{3E8404A3-44AA-488E-8BDC-20DDB42EB22B}.Debug|Any CPU.ActiveCfg = Debug|Any CPU
		{3E8404A3-44AA-488E-8BDC-20DDB42EB22B}.Debug|Any CPU.Build.0 = Debug|Any CPU
		{3E8404A3-44AA-488E-8BDC-20DDB42EB22B}.Release|Any CPU.ActiveCfg = Release|Any CPU
		{3E8404A3-44AA-488E-8BDC-20DDB42EB22B}.Release|Any CPU.Build.0 = Release|Any CPU
	EndGlobalSection
	GlobalSection(SolutionProperties) = preSolution
		HideSolutionNode = FALSE
	EndGlobalSection
	GlobalSection(ExtensibilityGlobals) = postSolution
		SolutionGuid = {C7022606-9CB1-48B2-81EF-297C9191B7D2}
	EndGlobalSection
EndGlobal
